// !$*UTF8*$!
{
	archiveVersion = 1;
	classes = {
	};
	objectVersion = 77;
	objects = {

/* Begin PBXBuildFile section */
		AE81729B2E001AC40002B64C /* README.md in Resources */ = {isa = PBXBuildFile; fileRef = AE81729A2E001AC40002B64C /* README.md */; };
		AE8172A42E0030C90002B64C /* SnapKit in Frameworks */ = {isa = PBXBuildFile; productRef = AE8172A32E0030C90002B64C /* SnapKit */; };
		AE8172B12E0058460002B64C /* RxCocoa in Frameworks */ = {isa = PBXBuildFile; productRef = AE8172B02E0058460002B64C /* RxCocoa */; };
/* End PBXBuildFile section */

/* Begin PBXContainerItemProxy section */
		AE81724C2DFF4C490002B64C /* PBXContainerItemProxy */ = {
			isa = PBXContainerItemProxy;
			containerPortal = AE81722D2DFF4C480002B64C /* Project object */;
			proxyType = 1;
			remoteGlobalIDString = AE8172342DFF4C480002B64C;
			remoteInfo = TradingPortfolioApp_iOS;
		};
		AE8172562DFF4C490002B64C /* PBXContainerItemProxy */ = {
			isa = PBXContainerItemProxy;
			containerPortal = AE81722D2DFF4C480002B64C /* Project object */;
			proxyType = 1;
			remoteGlobalIDString = AE8172342DFF4C480002B64C;
			remoteInfo = TradingPortfolioApp_iOS;
		};
/* End PBXContainerItemProxy section */

/* Begin PBXFileReference section */
		AE1B376B2E00712B00DC79FA /* TradingPortfolioApp_iOS.app */ = {isa = PBXFileReference; explicitFileType = wrapper.application; includeInIndex = 0; path = TradingPortfolioApp_iOS.app; sourceTree = BUILT_PRODUCTS_DIR; };
		AE1B376C2E00712B00DC79FA /* TradingPortfolioApp_iOSTests.xctest */ = {isa = PBXFileReference; explicitFileType = wrapper.cfbundle; includeInIndex = 0; path = TradingPortfolioApp_iOSTests.xctest; sourceTree = BUILT_PRODUCTS_DIR; };
		AE1B376D2E00712B00DC79FA /* TradingPortfolioApp_iOSUITests.xctest */ = {isa = PBXFileReference; explicitFileType = wrapper.cfbundle; includeInIndex = 0; path = TradingPortfolioApp_iOSUITests.xctest; sourceTree = BUILT_PRODUCTS_DIR; };
		AE81729A2E001AC40002B64C /* README.md */ = {isa = PBXFileReference; lastKnownFileType = net.daringfireball.markdown; path = README.md; sourceTree = "<group>"; };
/* End PBXFileReference section */

/* Begin PBXFileSystemSynchronizedBuildFileExceptionSet section */
		AE81725D2DFF4C490002B64C /* Exceptions for "TradingPortfolioApp_iOS" folder in "TradingPortfolioApp_iOS" target */ = {
			isa = PBXFileSystemSynchronizedBuildFileExceptionSet;
			membershipExceptions = (
				Info.plist,
			);
			target = AE8172342DFF4C480002B64C /* TradingPortfolioApp_iOS */;
		};
/* End PBXFileSystemSynchronizedBuildFileExceptionSet section */

/* Begin PBXFileSystemSynchronizedRootGroup section */
		AE8172372DFF4C480002B64C /* TradingPortfolioApp_iOS */ = {
			isa = PBXFileSystemSynchronizedRootGroup;
			exceptions = (
				AE81725D2DFF4C490002B64C /* Exceptions for "TradingPortfolioApp_iOS" folder in "TradingPortfolioApp_iOS" target */,
			);
			path = TradingPortfolioApp_iOS;
			sourceTree = "<group>";
		};
		AE81724E2DFF4C490002B64C /* TradingPortfolioApp_iOSTests */ = {
			isa = PBXFileSystemSynchronizedRootGroup;
			path = TradingPortfolioApp_iOSTests;
			sourceTree = "<group>";
		};
		AE8172582DFF4C490002B64C /* TradingPortfolioApp_iOSUITests */ = {
			isa = PBXFileSystemSynchronizedRootGroup;
			path = TradingPortfolioApp_iOSUITests;
			sourceTree = "<group>";
		};
/* End PBXFileSystemSynchronizedRootGroup section */

/* Begin PBXFrameworksBuildPhase section */
		AE8172322DFF4C480002B64C /* Frameworks */ = {
			isa = PBXFrameworksBuildPhase;
			buildActionMask = 2147483647;
			files = (
				AE8172B12E0058460002B64C /* RxCocoa in Frameworks */,
				AE8172A42E0030C90002B64C /* SnapKit in Frameworks */,
			);
			runOnlyForDeploymentPostprocessing = 0;
		};
		AE8172482DFF4C490002B64C /* Frameworks */ = {
			isa = PBXFrameworksBuildPhase;
			buildActionMask = 2147483647;
			files = (
			);
			runOnlyForDeploymentPostprocessing = 0;
		};
		AE8172522DFF4C490002B64C /* Frameworks */ = {
			isa = PBXFrameworksBuildPhase;
			buildActionMask = 2147483647;
			files = (
			);
			runOnlyForDeploymentPostprocessing = 0;
		};
/* End PBXFrameworksBuildPhase section */

/* Begin PBXGroup section */
		AE81722C2DFF4C480002B64C = {
			isa = PBXGroup;
			children = (
				AE8172372DFF4C480002B64C /* TradingPortfolioApp_iOS */,
				AE81724E2DFF4C490002B64C /* TradingPortfolioApp_iOSTests */,
				AE8172582DFF4C490002B64C /* TradingPortfolioApp_iOSUITests */,
				AE81729A2E001AC40002B64C /* README.md */,
				AE1B376B2E00712B00DC79FA /* TradingPortfolioApp_iOS.app */,
				AE1B376C2E00712B00DC79FA /* TradingPortfolioApp_iOSTests.xctest */,
				AE1B376D2E00712B00DC79FA /* TradingPortfolioApp_iOSUITests.xctest */,
			);
			sourceTree = "<group>";
		};
/* End PBXGroup section */

/* Begin PBXNativeTarget section */
		AE8172342DFF4C480002B64C /* TradingPortfolioApp_iOS */ = {
			isa = PBXNativeTarget;
			buildConfigurationList = AE81725E2DFF4C490002B64C /* Build configuration list for PBXNativeTarget "TradingPortfolioApp_iOS" */;
			buildPhases = (
				AE8172312DFF4C480002B64C /* Sources */,
				AE8172322DFF4C480002B64C /* Frameworks */,
				AE8172332DFF4C480002B64C /* Resources */,
			);
			buildRules = (
			);
			dependencies = (
			);
			fileSystemSynchronizedGroups = (
				AE8172372DFF4C480002B64C /* TradingPortfolioApp_iOS */,
			);
			name = TradingPortfolioApp_iOS;
			packageProductDependencies = (
				AE8172A32E0030C90002B64C /* SnapKit */,
				AE8172B02E0058460002B64C /* RxCocoa */,
			);
			productName = TradingPortfolioApp_iOS;
			productReference = AE1B376B2E00712B00DC79FA /* TradingPortfolioApp_iOS.app */;
			productType = "com.apple.product-type.application";
		};
		AE81724A2DFF4C490002B64C /* TradingPortfolioApp_iOSTests */ = {
			isa = PBXNativeTarget;
			buildConfigurationList = AE8172632DFF4C490002B64C /* Build configuration list for PBXNativeTarget "TradingPortfolioApp_iOSTests" */;
			buildPhases = (
				AE8172472DFF4C490002B64C /* Sources */,
				AE8172482DFF4C490002B64C /* Frameworks */,
				AE8172492DFF4C490002B64C /* Resources */,
			);
			buildRules = (
			);
			dependencies = (
				AE81724D2DFF4C490002B64C /* PBXTargetDependency */,
			);
			fileSystemSynchronizedGroups = (
				AE81724E2DFF4C490002B64C /* TradingPortfolioApp_iOSTests */,
			);
			name = TradingPortfolioApp_iOSTests;
			packageProductDependencies = (
			);
			productName = TradingPortfolioApp_iOSTests;
			productReference = AE1B376C2E00712B00DC79FA /* TradingPortfolioApp_iOSTests.xctest */;
			productType = "com.apple.product-type.bundle.unit-test";
		};
		AE8172542DFF4C490002B64C /* TradingPortfolioApp_iOSUITests */ = {
			isa = PBXNativeTarget;
			buildConfigurationList = AE8172662DFF4C490002B64C /* Build configuration list for PBXNativeTarget "TradingPortfolioApp_iOSUITests" */;
			buildPhases = (
				AE8172512DFF4C490002B64C /* Sources */,
				AE8172522DFF4C490002B64C /* Frameworks */,
				AE8172532DFF4C490002B64C /* Resources */,
			);
			buildRules = (
			);
			dependencies = (
				AE8172572DFF4C490002B64C /* PBXTargetDependency */,
			);
			fileSystemSynchronizedGroups = (
				AE8172582DFF4C490002B64C /* TradingPortfolioApp_iOSUITests */,
			);
			name = TradingPortfolioApp_iOSUITests;
			packageProductDependencies = (
			);
			productName = TradingPortfolioApp_iOSUITests;
			productReference = AE1B376D2E00712B00DC79FA /* TradingPortfolioApp_iOSUITests.xctest */;
			productType = "com.apple.product-type.bundle.ui-testing";
		};
/* End PBXNativeTarget section */

/* Begin PBXProject section */
		AE81722D2DFF4C480002B64C /* Project object */ = {
			isa = PBXProject;
			attributes = {
				BuildIndependentTargetsInParallel = 1;
				LastSwiftUpdateCheck = 1630;
				LastUpgradeCheck = 1630;
				TargetAttributes = {
					AE8172342DFF4C480002B64C = {
						CreatedOnToolsVersion = 16.3;
					};
					AE81724A2DFF4C490002B64C = {
						CreatedOnToolsVersion = 16.3;
						TestTargetID = AE8172342DFF4C480002B64C;
					};
					AE8172542DFF4C490002B64C = {
						CreatedOnToolsVersion = 16.3;
						TestTargetID = AE8172342DFF4C480002B64C;
					};
				};
			};
			buildConfigurationList = AE8172302DFF4C480002B64C /* Build configuration list for PBXProject "TradingPortfolioApp_iOS" */;
			developmentRegion = en;
			hasScannedForEncodings = 0;
			knownRegions = (
				en,
				Base,
			);
			mainGroup = AE81722C2DFF4C480002B64C;
			minimizedProjectReferenceProxies = 1;
			packageReferences = (
				AE8172A22E0030C80002B64C /* XCRemoteSwiftPackageReference "SnapKit" */,
				AE8172AF2E0058460002B64C /* XCRemoteSwiftPackageReference "RxSwift" */,
			);
			preferredProjectObjectVersion = 77;
			productRefGroup = AE81722C2DFF4C480002B64C;
			projectDirPath = "";
			projectRoot = "";
			targets = (
				AE8172342DFF4C480002B64C /* TradingPortfolioApp_iOS */,
				AE81724A2DFF4C490002B64C /* TradingPortfolioApp_iOSTests */,
				AE8172542DFF4C490002B64C /* TradingPortfolioApp_iOSUITests */,
			);
		};
/* End PBXProject section */

/* Begin PBXResourcesBuildPhase section */
		AE8172332DFF4C480002B64C /* Resources */ = {
			isa = PBXResourcesBuildPhase;
			buildActionMask = 2147483647;
			files = (
				AE81729B2E001AC40002B64C /* README.md in Resources */,
			);
			runOnlyForDeploymentPostprocessing = 0;
		};
		AE8172492DFF4C490002B64C /* Resources */ = {
			isa = PBXResourcesBuildPhase;
			buildActionMask = 2147483647;
			files = (
			);
			runOnlyForDeploymentPostprocessing = 0;
		};
		AE8172532DFF4C490002B64C /* Resources */ = {
			isa = PBXResourcesBuildPhase;
			buildActionMask = 2147483647;
			files = (
			);
			runOnlyForDeploymentPostprocessing = 0;
		};
/* End PBXResourcesBuildPhase section */

/* Begin PBXSourcesBuildPhase section */
		AE8172312DFF4C480002B64C /* Sources */ = {
			isa = PBXSourcesBuildPhase;
			buildActionMask = 2147483647;
			files = (
			);
			runOnlyForDeploymentPostprocessing = 0;
		};
		AE8172472DFF4C490002B64C /* Sources */ = {
			isa = PBXSourcesBuildPhase;
			buildActionMask = 2147483647;
			files = (
			);
			runOnlyForDeploymentPostprocessing = 0;
		};
		AE8172512DFF4C490002B64C /* Sources */ = {
			isa = PBXSourcesBuildPhase;
			buildActionMask = 2147483647;
			files = (
			);
			runOnlyForDeploymentPostprocessing = 0;
		};
/* End PBXSourcesBuildPhase section */

/* Begin PBXTargetDependency section */
		AE81724D2DFF4C490002B64C /* PBXTargetDependency */ = {
			isa = PBXTargetDependency;
			target = AE8172342DFF4C480002B64C /* TradingPortfolioApp_iOS */;
			targetProxy = AE81724C2DFF4C490002B64C /* PBXContainerItemProxy */;
		};
		AE8172572DFF4C490002B64C /* PBXTargetDependency */ = {
			isa = PBXTargetDependency;
			target = AE8172342DFF4C480002B64C /* TradingPortfolioApp_iOS */;
			targetProxy = AE8172562DFF4C490002B64C /* PBXContainerItemProxy */;
		};
/* End PBXTargetDependency section */

/* Begin XCBuildConfiguration section */
		AE81725F2DFF4C490002B64C /* Debug */ = {
			isa = XCBuildConfiguration;
			buildSettings = {
				ASSETCATALOG_COMPILER_APPICON_NAME = AppIcon;
				ASSETCATALOG_COMPILER_GLOBAL_ACCENT_COLOR_NAME = AccentColor;
				CODE_SIGN_STYLE = Automatic;
				CURRENT_PROJECT_VERSION = 1;
				DEVELOPMENT_TEAM = 4XVCCT64J4;
				GENERATE_INFOPLIST_FILE = YES;
				INFOPLIST_FILE = TradingPortfolioApp_iOS/Info.plist;
				INFOPLIST_KEY_UIApplicationSupportsIndirectInputEvents = YES;
				INFOPLIST_KEY_UILaunchStoryboardName = LaunchScreen;
				INFOPLIST_KEY_UIMainStoryboardFile = Main;
				INFOPLIST_KEY_UISupportedInterfaceOrientations_iPad = "UIInterfaceOrientationPortrait UIInterfaceOrientationPortraitUpsideDown UIInterfaceOrientationLandscapeLeft UIInterfaceOrientationLandscapeRight";
				INFOPLIST_KEY_UISupportedInterfaceOrientations_iPhone = "UIInterfaceOrientationPortrait UIInterfaceOrientationLandscapeLeft UIInterfaceOrientationLandscapeRight";
				IPHONEOS_DEPLOYMENT_TARGET = 15.6;
				LD_RUNPATH_SEARCH_PATHS = (
					"$(inherited)",
					"@executable_path/Frameworks",
				);
				MARKETING_VERSION = 1.0;
				PRODUCT_BUNDLE_IDENTIFIER = "com.ratz.TradingPortfolioApp-iOS";
				PRODUCT_NAME = "$(TARGET_NAME)";
				SWIFT_EMIT_LOC_STRINGS = YES;
				SWIFT_VERSION = 5.0;
				TARGETED_DEVICE_FAMILY = "1,2";
			};
			name = Debug;
		};
		AE8172602DFF4C490002B64C /* Release */ = {
			isa = XCBuildConfiguration;
			buildSettings = {
				ASSETCATALOG_COMPILER_APPICON_NAME = AppIcon;
				ASSETCATALOG_COMPILER_GLOBAL_ACCENT_COLOR_NAME = AccentColor;
				CODE_SIGN_STYLE = Automatic;
				CURRENT_PROJECT_VERSION = 1;
				DEVELOPMENT_TEAM = 4XVCCT64J4;
				GENERATE_INFOPLIST_FILE = YES;
				INFOPLIST_FILE = TradingPortfolioApp_iOS/Info.plist;
				INFOPLIST_KEY_UIApplicationSupportsIndirectInputEvents = YES;
				INFOPLIST_KEY_UILaunchStoryboardName = LaunchScreen;
				INFOPLIST_KEY_UIMainStoryboardFile = Main;
				INFOPLIST_KEY_UISupportedInterfaceOrientations_iPad = "UIInterfaceOrientationPortrait UIInterfaceOrientationPortraitUpsideDown UIInterfaceOrientationLandscapeLeft UIInterfaceOrientationLandscapeRight";
				INFOPLIST_KEY_UISupportedInterfaceOrientations_iPhone = "UIInterfaceOrientationPortrait UIInterfaceOrientationLandscapeLeft UIInterfaceOrientationLandscapeRight";
				IPHONEOS_DEPLOYMENT_TARGET = 15.6;
				LD_RUNPATH_SEARCH_PATHS = (
					"$(inherited)",
					"@executable_path/Frameworks",
				);
				MARKETING_VERSION = 1.0;
				PRODUCT_BUNDLE_IDENTIFIER = "com.ratz.TradingPortfolioApp-iOS";
				PRODUCT_NAME = "$(TARGET_NAME)";
				SWIFT_EMIT_LOC_STRINGS = YES;
				SWIFT_VERSION = 5.0;
				TARGETED_DEVICE_FAMILY = "1,2";
			};
			name = Release;
		};
		AE8172612DFF4C490002B64C /* Debug */ = {
			isa = XCBuildConfiguration;
			buildSettings = {
				ALWAYS_SEARCH_USER_PATHS = NO;
				ASSETCATALOG_COMPILER_GENERATE_SWIFT_ASSET_SYMBOL_EXTENSIONS = YES;
				CLANG_ANALYZER_NONNULL = YES;
				CLANG_ANALYZER_NUMBER_OBJECT_CONVERSION = YES_AGGRESSIVE;
				CLANG_CXX_LANGUAGE_STANDARD = "gnu++20";
				CLANG_ENABLE_MODULES = YES;
				CLANG_ENABLE_OBJC_ARC = YES;
				CLANG_ENABLE_OBJC_WEAK = YES;
				CLANG_WARN_BLOCK_CAPTURE_AUTORELEASING = YES;
				CLANG_WARN_BOOL_CONVERSION = YES;
				CLANG_WARN_COMMA = YES;
				CLANG_WARN_CONSTANT_CONVERSION = YES;
				CLANG_WARN_DEPRECATED_OBJC_IMPLEMENTATIONS = YES;
				CLANG_WARN_DIRECT_OBJC_ISA_USAGE = YES_ERROR;
				CLANG_WARN_DOCUMENTATION_COMMENTS = YES;
				CLANG_WARN_EMPTY_BODY = YES;
				CLANG_WARN_ENUM_CONVERSION = YES;
				CLANG_WARN_INFINITE_RECURSION = YES;
				CLANG_WARN_INT_CONVERSION = YES;
				CLANG_WARN_NON_LITERAL_NULL_CONVERSION = YES;
				CLANG_WARN_OBJC_IMPLICIT_RETAIN_SELF = YES;
				CLANG_WARN_OBJC_LITERAL_CONVERSION = YES;
				CLANG_WARN_OBJC_ROOT_CLASS = YES_ERROR;
				CLANG_WARN_QUOTED_INCLUDE_IN_FRAMEWORK_HEADER = YES;
				CLANG_WARN_RANGE_LOOP_ANALYSIS = YES;
				CLANG_WARN_STRICT_PROTOTYPES = YES;
				CLANG_WARN_SUSPICIOUS_MOVE = YES;
				CLANG_WARN_UNGUARDED_AVAILABILITY = YES_AGGRESSIVE;
				CLANG_WARN_UNREACHABLE_CODE = YES;
				CLANG_WARN__DUPLICATE_METHOD_MATCH = YES;
				COPY_PHASE_STRIP = NO;
				DEBUG_INFORMATION_FORMAT = dwarf;
				DEVELOPMENT_TEAM = 4XVCCT64J4;
				ENABLE_STRICT_OBJC_MSGSEND = YES;
				ENABLE_TESTABILITY = YES;
				ENABLE_USER_SCRIPT_SANDBOXING = YES;
				GCC_C_LANGUAGE_STANDARD = gnu17;
				GCC_DYNAMIC_NO_PIC = NO;
				GCC_NO_COMMON_BLOCKS = YES;
				GCC_OPTIMIZATION_LEVEL = 0;
				GCC_PREPROCESSOR_DEFINITIONS = (
					"DEBUG=1",
					"$(inherited)",
				);
				GCC_WARN_64_TO_32_BIT_CONVERSION = YES;
				GCC_WARN_ABOUT_RETURN_TYPE = YES_ERROR;
				GCC_WARN_UNDECLARED_SELECTOR = YES;
				GCC_WARN_UNINITIALIZED_AUTOS = YES_AGGRESSIVE;
				GCC_WARN_UNUSED_FUNCTION = YES;
				GCC_WARN_UNUSED_VARIABLE = YES;
				IPHONEOS_DEPLOYMENT_TARGET = 18.4;
				LOCALIZATION_PREFERS_STRING_CATALOGS = YES;
				MTL_ENABLE_DEBUG_INFO = INCLUDE_SOURCE;
				MTL_FAST_MATH = YES;
				ONLY_ACTIVE_ARCH = YES;
				SDKROOT = iphoneos;
				SWIFT_ACTIVE_COMPILATION_CONDITIONS = "DEBUG $(inherited)";
				SWIFT_OPTIMIZATION_LEVEL = "-Onone";
			};
			name = Debug;
		};
		AE8172622DFF4C490002B64C /* Release */ = {
			isa = XCBuildConfiguration;
			buildSettings = {
				ALWAYS_SEARCH_USER_PATHS = NO;
				ASSETCATALOG_COMPILER_GENERATE_SWIFT_ASSET_SYMBOL_EXTENSIONS = YES;
				CLANG_ANALYZER_NONNULL = YES;
				CLANG_ANALYZER_NUMBER_OBJECT_CONVERSION = YES_AGGRESSIVE;
				CLANG_CXX_LANGUAGE_STANDARD = "gnu++20";
				CLANG_ENABLE_MODULES = YES;
				CLANG_ENABLE_OBJC_ARC = YES;
				CLANG_ENABLE_OBJC_WEAK = YES;
				CLANG_WARN_BLOCK_CAPTURE_AUTORELEASING = YES;
				CLANG_WARN_BOOL_CONVERSION = YES;
				CLANG_WARN_COMMA = YES;
				CLANG_WARN_CONSTANT_CONVERSION = YES;
				CLANG_WARN_DEPRECATED_OBJC_IMPLEMENTATIONS = YES;
				CLANG_WARN_DIRECT_OBJC_ISA_USAGE = YES_ERROR;
				CLANG_WARN_DOCUMENTATION_COMMENTS = YES;
				CLANG_WARN_EMPTY_BODY = YES;
				CLANG_WARN_ENUM_CONVERSION = YES;
				CLANG_WARN_INFINITE_RECURSION = YES;
				CLANG_WARN_INT_CONVERSION = YES;
				CLANG_WARN_NON_LITERAL_NULL_CONVERSION = YES;
				CLANG_WARN_OBJC_IMPLICIT_RETAIN_SELF = YES;
				CLANG_WARN_OBJC_LITERAL_CONVERSION = YES;
				CLANG_WARN_OBJC_ROOT_CLASS = YES_ERROR;
				CLANG_WARN_QUOTED_INCLUDE_IN_FRAMEWORK_HEADER = YES;
				CLANG_WARN_RANGE_LOOP_ANALYSIS = YES;
				CLANG_WARN_STRICT_PROTOTYPES = YES;
				CLANG_WARN_SUSPICIOUS_MOVE = YES;
				CLANG_WARN_UNGUARDED_AVAILABILITY = YES_AGGRESSIVE;
				CLANG_WARN_UNREACHABLE_CODE = YES;
				CLANG_WARN__DUPLICATE_METHOD_MATCH = YES;
				COPY_PHASE_STRIP = NO;
				DEBUG_INFORMATION_FORMAT = "dwarf-with-dsym";
				DEVELOPMENT_TEAM = 4XVCCT64J4;
				ENABLE_NS_ASSERTIONS = NO;
				ENABLE_STRICT_OBJC_MSGSEND = YES;
				ENABLE_USER_SCRIPT_SANDBOXING = YES;
				GCC_C_LANGUAGE_STANDARD = gnu17;
				GCC_NO_COMMON_BLOCKS = YES;
				GCC_WARN_64_TO_32_BIT_CONVERSION = YES;
				GCC_WARN_ABOUT_RETURN_TYPE = YES_ERROR;
				GCC_WARN_UNDECLARED_SELECTOR = YES;
				GCC_WARN_UNINITIALIZED_AUTOS = YES_AGGRESSIVE;
				GCC_WARN_UNUSED_FUNCTION = YES;
				GCC_WARN_UNUSED_VARIABLE = YES;
				IPHONEOS_DEPLOYMENT_TARGET = 18.4;
				LOCALIZATION_PREFERS_STRING_CATALOGS = YES;
				MTL_ENABLE_DEBUG_INFO = NO;
				MTL_FAST_MATH = YES;
				SDKROOT = iphoneos;
				SWIFT_COMPILATION_MODE = wholemodule;
				VALIDATE_PRODUCT = YES;
			};
			name = Release;
		};
		AE8172642DFF4C490002B64C /* Debug */ = {
			isa = XCBuildConfiguration;
			buildSettings = {
				BUNDLE_LOADER = "$(TEST_HOST)";
				CODE_SIGN_STYLE = Automatic;
				CURRENT_PROJECT_VERSION = 1;
				DEVELOPMENT_TEAM = 4XVCCT64J4;
				GENERATE_INFOPLIST_FILE = YES;
				IPHONEOS_DEPLOYMENT_TARGET = 18.4;
				MARKETING_VERSION = 1.0;
				PRODUCT_BUNDLE_IDENTIFIER = "com.ratz.TradingPortfolioApp-iOSTests";
				PRODUCT_NAME = "$(TARGET_NAME)";
				SWIFT_EMIT_LOC_STRINGS = NO;
				SWIFT_VERSION = 5.0;
				TARGETED_DEVICE_FAMILY = "1,2";
				TEST_HOST = "$(BUILT_PRODUCTS_DIR)/TradingPortfolioApp_iOS.app/$(BUNDLE_EXECUTABLE_FOLDER_PATH)/TradingPortfolioApp_iOS";
			};
			name = Debug;
		};
		AE8172652DFF4C490002B64C /* Release */ = {
			isa = XCBuildConfiguration;
			buildSettings = {
				BUNDLE_LOADER = "$(TEST_HOST)";
				CODE_SIGN_STYLE = Automatic;
				CURRENT_PROJECT_VERSION = 1;
				DEVELOPMENT_TEAM = 4XVCCT64J4;
				GENERATE_INFOPLIST_FILE = YES;
				IPHONEOS_DEPLOYMENT_TARGET = 18.4;
				MARKETING_VERSION = 1.0;
				PRODUCT_BUNDLE_IDENTIFIER = "com.ratz.TradingPortfolioApp-iOSTests";
				PRODUCT_NAME = "$(TARGET_NAME)";
				SWIFT_EMIT_LOC_STRINGS = NO;
				SWIFT_VERSION = 5.0;
				TARGETED_DEVICE_FAMILY = "1,2";
				TEST_HOST = "$(BUILT_PRODUCTS_DIR)/TradingPortfolioApp_iOS.app/$(BUNDLE_EXECUTABLE_FOLDER_PATH)/TradingPortfolioApp_iOS";
			};
			name = Release;
		};
		AE8172672DFF4C490002B64C /* Debug */ = {
			isa = XCBuildConfiguration;
			buildSettings = {
				CODE_SIGN_STYLE = Automatic;
				CURRENT_PROJECT_VERSION = 1;
				DEVELOPMENT_TEAM = 4XVCCT64J4;
				GENERATE_INFOPLIST_FILE = YES;
				MARKETING_VERSION = 1.0;
				PRODUCT_BUNDLE_IDENTIFIER = "com.ratz.TradingPortfolioApp-iOSUITests";
				PRODUCT_NAME = "$(TARGET_NAME)";
				SWIFT_EMIT_LOC_STRINGS = NO;
				SWIFT_VERSION = 5.0;
				TARGETED_DEVICE_FAMILY = "1,2";
				TEST_TARGET_NAME = TradingPortfolioApp_iOS;
			};
			name = Debug;
		};
		AE8172682DFF4C490002B64C /* Release */ = {
			isa = XCBuildConfiguration;
			buildSettings = {
				CODE_SIGN_STYLE = Automatic;
				CURRENT_PROJECT_VERSION = 1;
				DEVELOPMENT_TEAM = 4XVCCT64J4;
				GENERATE_INFOPLIST_FILE = YES;
				MARKETING_VERSION = 1.0;
				PRODUCT_BUNDLE_IDENTIFIER = "com.ratz.TradingPortfolioApp-iOSUITests";
				PRODUCT_NAME = "$(TARGET_NAME)";
				SWIFT_EMIT_LOC_STRINGS = NO;
				SWIFT_VERSION = 5.0;
				TARGETED_DEVICE_FAMILY = "1,2";
				TEST_TARGET_NAME = TradingPortfolioApp_iOS;
			};
			name = Release;
		};
/* End XCBuildConfiguration section */

/* Begin XCConfigurationList section */
		AE8172302DFF4C480002B64C /* Build configuration list for PBXProject "TradingPortfolioApp_iOS" */ = {
			isa = XCConfigurationList;
			buildConfigurations = (
				AE8172612DFF4C490002B64C /* Debug */,
				AE8172622DFF4C490002B64C /* Release */,
			);
			defaultConfigurationIsVisible = 0;
			defaultConfigurationName = Release;
		};
		AE81725E2DFF4C490002B64C /* Build configuration list for PBXNativeTarget "TradingPortfolioApp_iOS" */ = {
			isa = XCConfigurationList;
			buildConfigurations = (
				AE81725F2DFF4C490002B64C /* Debug */,
				AE8172602DFF4C490002B64C /* Release */,
			);
			defaultConfigurationIsVisible = 0;
			defaultConfigurationName = Release;
		};
		AE8172632DFF4C490002B64C /* Build configuration list for PBXNativeTarget "TradingPortfolioApp_iOSTests" */ = {
			isa = XCConfigurationList;
			buildConfigurations = (
				AE8172642DFF4C490002B64C /* Debug */,
				AE8172652DFF4C490002B64C /* Release */,
			);
			defaultConfigurationIsVisible = 0;
			defaultConfigurationName = Release;
		};
		AE8172662DFF4C490002B64C /* Build configuration list for PBXNativeTarget "TradingPortfolioApp_iOSUITests" */ = {
			isa = XCConfigurationList;
			buildConfigurations = (
				AE8172672DFF4C490002B64C /* Debug */,
				AE8172682DFF4C490002B64C /* Release */,
			);
			defaultConfigurationIsVisible = 0;
			defaultConfigurationName = Release;
		};
/* End XCConfigurationList section */

/* Begin XCRemoteSwiftPackageReference section */
		AE8172A22E0030C80002B64C /* XCRemoteSwiftPackageReference "SnapKit" */ = {
			isa = XCRemoteSwiftPackageReference;
			repositoryURL = "https://github.com/SnapKit/SnapKit.git";
			requirement = {
				kind = upToNextMajorVersion;
				minimumVersion = 5.7.1;
			};
		};
		AE8172AF2E0058460002B64C /* XCRemoteSwiftPackageReference "RxSwift" */ = {
			isa = XCRemoteSwiftPackageReference;
			repositoryURL = "https://github.com/ReactiveX/RxSwift.git";
			requirement = {
				kind = upToNextMajorVersion;
				minimumVersion = 6.9.0;
			};
		};
/* End XCRemoteSwiftPackageReference section */

/* Begin XCSwiftPackageProductDependency section */
		AE8172A32E0030C90002B64C /* SnapKit */ = {
			isa = XCSwiftPackageProductDependency;
			package = AE8172A22E0030C80002B64C /* XCRemoteSwiftPackageReference "SnapKit" */;
			productName = SnapKit;
		};
		AE8172B02E0058460002B64C /* RxCocoa */ = {
			isa = XCSwiftPackageProductDependency;
			package = AE8172AF2E0058460002B64C /* XCRemoteSwiftPackageReference "RxSwift" */;
			productName = RxCocoa;
		};
/* End XCSwiftPackageProductDependency section */
	};
	rootObject = AE81722D2DFF4C480002B64C /* Project object */;
}
